
Microsoft Visual Studio Solution File, Format Version 12.00
# Visual Studio Version 16
VisualStudioVersion = 16.0.31410.357
MinimumVisualStudioVersion = 10.0.40219.1
Project("{FAE04EC0-301F-11D3-BF4B-00C04F79EFBC}") = "RoflanKurs", "RoflanKurs.csproj", "{422906C5-EC96-4121-8CBC-7950C3F7BB6F}"
EndProject
Global
	GlobalSection(SolutionConfigurationPlatforms) = preSolution
		Debug|Any CPU = Debug|Any CPU
		Release|Any CPU = Release|Any CPU
	EndGlobalSection
	GlobalSection(ProjectConfigurationPlatforms) = postSolution
		{422906C5-EC96-4121-8CBC-7950C3F7BB6F}.Debug|Any CPU.ActiveCfg = Debug|Any CPU
		{422906C5-EC96-4121-8CBC-7950C3F7BB6F}.Debug|Any CPU.Build.0 = Debug|Any CPU
		{422906C5-EC96-4121-8CBC-7950C3F7BB6F}.Release|Any CPU.ActiveCfg = Release|Any CPU
		{422906C5-EC96-4121-8CBC-7950C3F7BB6F}.Release|Any CPU.Build.0 = Release|Any CPU
	EndGlobalSection
	GlobalSection(SolutionProperties) = preSolution
		HideSolutionNode = FALSE
	EndGlobalSection
	GlobalSection(ExtensibilityGlobals) = postSolution
		SolutionGuid = {CE61716C-3AE5-4FCB-BD39-0495A99F9647}
	EndGlobalSection
EndGlobal
